{
  "pins" : [
    {
      "identity" : "networkframework",
      "kind" : "remoteSourceControl",
      "location" : "https://github.com/platini93/NetworkFramework",
      "state" : {
        "branch" : "main",
        "revision" : "9a8d3376903b4ea331a4d6ceb862aed7da0db701"
      }
    }
  ],
  "version" : 2
}
